
Microsoft Visual Studio Solution File, Format Version 12.00
# Visual Studio Version 16
VisualStudioVersion = 16.0.31105.61
MinimumVisualStudioVersion = 10.0.40219.1
Project("{9A19103F-16F7-4668-BE54-9A1E7A4F7556}") = "ForeverGaming", "ForeverGaming\ForeverGaming.csproj", "{D519BF55-52FB-447B-BA38-762E707C2EAB}"
EndProject
Project("{9A19103F-16F7-4668-BE54-9A1E7A4F7556}") = "ForeverGamingTests", "..\ForeverGaming\ForeverGamingTests\ForeverGamingTests.csproj", "{FD24F807-C097-4019-9FE8-0FF776F197B1}"
EndProject
Global
	GlobalSection(SolutionConfigurationPlatforms) = preSolution
		Debug|Any CPU = Debug|Any CPU
		Release|Any CPU = Release|Any CPU
	EndGlobalSection
	GlobalSection(ProjectConfigurationPlatforms) = postSolution
		{D519BF55-52FB-447B-BA38-762E707C2EAB}.Debug|Any CPU.ActiveCfg = Debug|Any CPU
		{D519BF55-52FB-447B-BA38-762E707C2EAB}.Debug|Any CPU.Build.0 = Debug|Any CPU
		{D519BF55-52FB-447B-BA38-762E707C2EAB}.Release|Any CPU.ActiveCfg = Release|Any CPU
		{D519BF55-52FB-447B-BA38-762E707C2EAB}.Release|Any CPU.Build.0 = Release|Any CPU
		{FD24F807-C097-4019-9FE8-0FF776F197B1}.Debug|Any CPU.ActiveCfg = Debug|Any CPU
		{FD24F807-C097-4019-9FE8-0FF776F197B1}.Debug|Any CPU.Build.0 = Debug|Any CPU
		{FD24F807-C097-4019-9FE8-0FF776F197B1}.Release|Any CPU.ActiveCfg = Release|Any CPU
		{FD24F807-C097-4019-9FE8-0FF776F197B1}.Release|Any CPU.Build.0 = Release|Any CPU
	EndGlobalSection
	GlobalSection(SolutionProperties) = preSolution
		HideSolutionNode = FALSE
	EndGlobalSection
	GlobalSection(ExtensibilityGlobals) = postSolution
		SolutionGuid = {915A97A3-AC83-4A48-B3C8-297F4F30A5A8}
	EndGlobalSection
EndGlobal
